
Microsoft Visual Studio Solution File, Format Version 12.00
# Visual Studio Version 17
VisualStudioVersion = 17.0.31903.59
MinimumVisualStudioVersion = 10.0.40219.1
Project("{FAE04EC0-301F-11D3-BF4B-00C04F79EFBC}") = "HR.Web", "HR.Web\HR.Web.csproj", "{495AE3C7-BCAD-4353-B3A5-C693C65322BB}"
EndProject
Project("{FAE04EC0-301F-11D3-BF4B-00C04F79EFBC}") = "HR.Domain", "HR.Domain\HR.Domain.csproj", "{6D251E9B-D193-4151-B5A5-8B8E5E2F2A46}"
EndProject
Project("{FAE04EC0-301F-11D3-BF4B-00C04F79EFBC}") = "HR.Application", "HR.Application\HR.Application.csproj", "{092CEF85-40F4-4F33-97D9-E15AEF5588A8}"
EndProject
Project("{FAE04EC0-301F-11D3-BF4B-00C04F79EFBC}") = "HR.Infrastructure", "HR.Infrastructure\HR.Infrastructure.csproj", "{1D2AFCAC-A27C-485E-AAA9-7B60B58B5DA0}"
EndProject
Global
	GlobalSection(SolutionConfigurationPlatforms) = preSolution
		Debug|Any CPU = Debug|Any CPU
		Debug|x64 = Debug|x64
		Debug|x86 = Debug|x86
		Release|Any CPU = Release|Any CPU
		Release|x64 = Release|x64
		Release|x86 = Release|x86
	EndGlobalSection
	GlobalSection(ProjectConfigurationPlatforms) = postSolution
		{495AE3C7-BCAD-4353-B3A5-C693C65322BB}.Debug|Any CPU.ActiveCfg = Debug|Any CPU
		{495AE3C7-BCAD-4353-B3A5-C693C65322BB}.Debug|Any CPU.Build.0 = Debug|Any CPU
		{495AE3C7-BCAD-4353-B3A5-C693C65322BB}.Debug|x64.ActiveCfg = Debug|Any CPU
		{495AE3C7-BCAD-4353-B3A5-C693C65322BB}.Debug|x64.Build.0 = Debug|Any CPU
		{495AE3C7-BCAD-4353-B3A5-C693C65322BB}.Debug|x86.ActiveCfg = Debug|Any CPU
		{495AE3C7-BCAD-4353-B3A5-C693C65322BB}.Debug|x86.Build.0 = Debug|Any CPU
		{495AE3C7-BCAD-4353-B3A5-C693C65322BB}.Release|Any CPU.ActiveCfg = Release|Any CPU
		{495AE3C7-BCAD-4353-B3A5-C693C65322BB}.Release|Any CPU.Build.0 = Release|Any CPU
		{495AE3C7-BCAD-4353-B3A5-C693C65322BB}.Release|x64.ActiveCfg = Release|Any CPU
		{495AE3C7-BCAD-4353-B3A5-C693C65322BB}.Release|x64.Build.0 = Release|Any CPU
		{495AE3C7-BCAD-4353-B3A5-C693C65322BB}.Release|x86.ActiveCfg = Release|Any CPU
		{495AE3C7-BCAD-4353-B3A5-C693C65322BB}.Release|x86.Build.0 = Release|Any CPU
		{6D251E9B-D193-4151-B5A5-8B8E5E2F2A46}.Debug|Any CPU.ActiveCfg = Debug|Any CPU
		{6D251E9B-D193-4151-B5A5-8B8E5E2F2A46}.Debug|Any CPU.Build.0 = Debug|Any CPU
		{6D251E9B-D193-4151-B5A5-8B8E5E2F2A46}.Debug|x64.ActiveCfg = Debug|Any CPU
		{6D251E9B-D193-4151-B5A5-8B8E5E2F2A46}.Debug|x64.Build.0 = Debug|Any CPU
		{6D251E9B-D193-4151-B5A5-8B8E5E2F2A46}.Debug|x86.ActiveCfg = Debug|Any CPU
		{6D251E9B-D193-4151-B5A5-8B8E5E2F2A46}.Debug|x86.Build.0 = Debug|Any CPU
		{6D251E9B-D193-4151-B5A5-8B8E5E2F2A46}.Release|Any CPU.ActiveCfg = Release|Any CPU
		{6D251E9B-D193-4151-B5A5-8B8E5E2F2A46}.Release|Any CPU.Build.0 = Release|Any CPU
		{6D251E9B-D193-4151-B5A5-8B8E5E2F2A46}.Release|x64.ActiveCfg = Release|Any CPU
		{6D251E9B-D193-4151-B5A5-8B8E5E2F2A46}.Release|x64.Build.0 = Release|Any CPU
		{6D251E9B-D193-4151-B5A5-8B8E5E2F2A46}.Release|x86.ActiveCfg = Release|Any CPU
		{6D251E9B-D193-4151-B5A5-8B8E5E2F2A46}.Release|x86.Build.0 = Release|Any CPU
		{092CEF85-40F4-4F33-97D9-E15AEF5588A8}.Debug|Any CPU.ActiveCfg = Debug|Any CPU
		{092CEF85-40F4-4F33-97D9-E15AEF5588A8}.Debug|Any CPU.Build.0 = Debug|Any CPU
		{092CEF85-40F4-4F33-97D9-E15AEF5588A8}.Debug|x64.ActiveCfg = Debug|Any CPU
		{092CEF85-40F4-4F33-97D9-E15AEF5588A8}.Debug|x64.Build.0 = Debug|Any CPU
		{092CEF85-40F4-4F33-97D9-E15AEF5588A8}.Debug|x86.ActiveCfg = Debug|Any CPU
		{092CEF85-40F4-4F33-97D9-E15AEF5588A8}.Debug|x86.Build.0 = Debug|Any CPU
		{092CEF85-40F4-4F33-97D9-E15AEF5588A8}.Release|Any CPU.ActiveCfg = Release|Any CPU
		{092CEF85-40F4-4F33-97D9-E15AEF5588A8}.Release|Any CPU.Build.0 = Release|Any CPU
		{092CEF85-40F4-4F33-97D9-E15AEF5588A8}.Release|x64.ActiveCfg = Release|Any CPU
		{092CEF85-40F4-4F33-97D9-E15AEF5588A8}.Release|x64.Build.0 = Release|Any CPU
		{092CEF85-40F4-4F33-97D9-E15AEF5588A8}.Release|x86.ActiveCfg = Release|Any CPU
		{092CEF85-40F4-4F33-97D9-E15AEF5588A8}.Release|x86.Build.0 = Release|Any CPU
		{1D2AFCAC-A27C-485E-AAA9-7B60B58B5DA0}.Debug|Any CPU.ActiveCfg = Debug|Any CPU
		{1D2AFCAC-A27C-485E-AAA9-7B60B58B5DA0}.Debug|Any CPU.Build.0 = Debug|Any CPU
		{1D2AFCAC-A27C-485E-AAA9-7B60B58B5DA0}.Debug|x64.ActiveCfg = Debug|Any CPU
		{1D2AFCAC-A27C-485E-AAA9-7B60B58B5DA0}.Debug|x64.Build.0 = Debug|Any CPU
		{1D2AFCAC-A27C-485E-AAA9-7B60B58B5DA0}.Debug|x86.ActiveCfg = Debug|Any CPU
		{1D2AFCAC-A27C-485E-AAA9-7B60B58B5DA0}.Debug|x86.Build.0 = Debug|Any CPU
		{1D2AFCAC-A27C-485E-AAA9-7B60B58B5DA0}.Release|Any CPU.ActiveCfg = Release|Any CPU
		{1D2AFCAC-A27C-485E-AAA9-7B60B58B5DA0}.Release|Any CPU.Build.0 = Release|Any CPU
		{1D2AFCAC-A27C-485E-AAA9-7B60B58B5DA0}.Release|x64.ActiveCfg = Release|Any CPU
		{1D2AFCAC-A27C-485E-AAA9-7B60B58B5DA0}.Release|x64.Build.0 = Release|Any CPU
		{1D2AFCAC-A27C-485E-AAA9-7B60B58B5DA0}.Release|x86.ActiveCfg = Release|Any CPU
		{1D2AFCAC-A27C-485E-AAA9-7B60B58B5DA0}.Release|x86.Build.0 = Release|Any CPU
	EndGlobalSection
	GlobalSection(SolutionProperties) = preSolution
		HideSolutionNode = FALSE
	EndGlobalSection
EndGlobal
